
Microsoft Visual Studio Solution File, Format Version 12.00
# Visual Studio Version 17
VisualStudioVersion = 17.6.33723.286
MinimumVisualStudioVersion = 10.0.40219.1
Project("{FAE04EC0-301F-11D3-BF4B-00C04F79EFBC}") = "James Thew", "James Thew.csproj", "{31BFA333-E942-407A-A707-123092D838D7}"
EndProject
Global
	GlobalSection(SolutionConfigurationPlatforms) = preSolution
		Debug|Any CPU = Debug|Any CPU
		Release|Any CPU = Release|Any CPU
	EndGlobalSection
	GlobalSection(ProjectConfigurationPlatforms) = postSolution
		{31BFA333-E942-407A-A707-123092D838D7}.Debug|Any CPU.ActiveCfg = Debug|Any CPU
		{31BFA333-E942-407A-A707-123092D838D7}.Debug|Any CPU.Build.0 = Debug|Any CPU
		{31BFA333-E942-407A-A707-123092D838D7}.Release|Any CPU.ActiveCfg = Release|Any CPU
		{31BFA333-E942-407A-A707-123092D838D7}.Release|Any CPU.Build.0 = Release|Any CPU
	EndGlobalSection
	GlobalSection(SolutionProperties) = preSolution
		HideSolutionNode = FALSE
	EndGlobalSection
	GlobalSection(ExtensibilityGlobals) = postSolution
		SolutionGuid = {BE3C72C5-EAA3-4848-A7AD-1E7AE2E02276}
	EndGlobalSection
EndGlobal
